
Microsoft Visual Studio Solution File, Format Version 12.00
# Visual Studio Version 17
VisualStudioVersion = 17.10.34916.146
MinimumVisualStudioVersion = 10.0.40219.1
Project("{FAE04EC0-301F-11D3-BF4B-00C04F79EFBC}") = "Most frequently used words in a text", "Most frequently used words in a text.csproj", "{778727F9-C41D-4FAA-B6F3-88A6A19688E8}"
EndProject
Global
	GlobalSection(SolutionConfigurationPlatforms) = preSolution
		Debug|Any CPU = Debug|Any CPU
		Release|Any CPU = Release|Any CPU
	EndGlobalSection
	GlobalSection(ProjectConfigurationPlatforms) = postSolution
		{778727F9-C41D-4FAA-B6F3-88A6A19688E8}.Debug|Any CPU.ActiveCfg = Debug|Any CPU
		{778727F9-C41D-4FAA-B6F3-88A6A19688E8}.Debug|Any CPU.Build.0 = Debug|Any CPU
		{778727F9-C41D-4FAA-B6F3-88A6A19688E8}.Release|Any CPU.ActiveCfg = Release|Any CPU
		{778727F9-C41D-4FAA-B6F3-88A6A19688E8}.Release|Any CPU.Build.0 = Release|Any CPU
	EndGlobalSection
	GlobalSection(SolutionProperties) = preSolution
		HideSolutionNode = FALSE
	EndGlobalSection
	GlobalSection(ExtensibilityGlobals) = postSolution
		SolutionGuid = {88F91389-E479-47BA-96EE-19B19E6C6F4C}
	EndGlobalSection
EndGlobal
