
Microsoft Visual Studio Solution File, Format Version 12.00
# Visual Studio Version 17
VisualStudioVersion = 17.12.35506.116 d17.12
MinimumVisualStudioVersion = 10.0.40219.1
Project("{FAE04EC0-301F-11D3-BF4B-00C04F79EFBC}") = "przetwarzanie talblic 1D", "przetwarzanie talblic 1D.csproj", "{D839F38F-3DE9-4549-A7DF-F05759CDEBFA}"
EndProject
Global
	GlobalSection(SolutionConfigurationPlatforms) = preSolution
		Debug|Any CPU = Debug|Any CPU
		Release|Any CPU = Release|Any CPU
	EndGlobalSection
	GlobalSection(ProjectConfigurationPlatforms) = postSolution
		{D839F38F-3DE9-4549-A7DF-F05759CDEBFA}.Debug|Any CPU.ActiveCfg = Debug|Any CPU
		{D839F38F-3DE9-4549-A7DF-F05759CDEBFA}.Debug|Any CPU.Build.0 = Debug|Any CPU
		{D839F38F-3DE9-4549-A7DF-F05759CDEBFA}.Release|Any CPU.ActiveCfg = Release|Any CPU
		{D839F38F-3DE9-4549-A7DF-F05759CDEBFA}.Release|Any CPU.Build.0 = Release|Any CPU
	EndGlobalSection
	GlobalSection(SolutionProperties) = preSolution
		HideSolutionNode = FALSE
	EndGlobalSection
EndGlobal
