
Microsoft Visual Studio Solution File, Format Version 12.00
# Visual Studio Version 17
VisualStudioVersion = 17.10.34916.146
MinimumVisualStudioVersion = 10.0.40219.1
Project("{FAE04EC0-301F-11D3-BF4B-00C04F79EFBC}") = "ConsoleApp1", "ConsoleApp1.csproj", "{74E970D4-F1FB-4343-95CA-C29B5E6DEEF4}"
EndProject
Global
	GlobalSection(SolutionConfigurationPlatforms) = preSolution
		Debug|Any CPU = Debug|Any CPU
		Release|Any CPU = Release|Any CPU
	EndGlobalSection
	GlobalSection(ProjectConfigurationPlatforms) = postSolution
		{74E970D4-F1FB-4343-95CA-C29B5E6DEEF4}.Debug|Any CPU.ActiveCfg = Debug|Any CPU
		{74E970D4-F1FB-4343-95CA-C29B5E6DEEF4}.Debug|Any CPU.Build.0 = Debug|Any CPU
		{74E970D4-F1FB-4343-95CA-C29B5E6DEEF4}.Release|Any CPU.ActiveCfg = Release|Any CPU
		{74E970D4-F1FB-4343-95CA-C29B5E6DEEF4}.Release|Any CPU.Build.0 = Release|Any CPU
	EndGlobalSection
	GlobalSection(SolutionProperties) = preSolution
		HideSolutionNode = FALSE
	EndGlobalSection
	GlobalSection(ExtensibilityGlobals) = postSolution
		SolutionGuid = {E6D00D53-82CB-4B59-B086-5BB1C05B8330}
	EndGlobalSection
EndGlobal
