
Microsoft Visual Studio Solution File, Format Version 12.00
# Visual Studio Version 17
VisualStudioVersion = 17.10.34916.146
MinimumVisualStudioVersion = 10.0.40219.1
Project("{FAE04EC0-301F-11D3-BF4B-00C04F79EFBC}") = "Gap in Primes", "Gap in Primes.csproj", "{39ECF4F7-449F-428A-BAF9-0FEF61975087}"
EndProject
Global
	GlobalSection(SolutionConfigurationPlatforms) = preSolution
		Debug|Any CPU = Debug|Any CPU
		Release|Any CPU = Release|Any CPU
	EndGlobalSection
	GlobalSection(ProjectConfigurationPlatforms) = postSolution
		{39ECF4F7-449F-428A-BAF9-0FEF61975087}.Debug|Any CPU.ActiveCfg = Debug|Any CPU
		{39ECF4F7-449F-428A-BAF9-0FEF61975087}.Debug|Any CPU.Build.0 = Debug|Any CPU
		{39ECF4F7-449F-428A-BAF9-0FEF61975087}.Release|Any CPU.ActiveCfg = Release|Any CPU
		{39ECF4F7-449F-428A-BAF9-0FEF61975087}.Release|Any CPU.Build.0 = Release|Any CPU
	EndGlobalSection
	GlobalSection(SolutionProperties) = preSolution
		HideSolutionNode = FALSE
	EndGlobalSection
	GlobalSection(ExtensibilityGlobals) = postSolution
		SolutionGuid = {6E73C80C-AB69-4566-8EC1-D772743A435C}
	EndGlobalSection
EndGlobal
